
Microsoft Visual Studio Solution File, Format Version 12.00
# Visual Studio 14
VisualStudioVersion = 14.0.25420.1
MinimumVisualStudioVersion = 10.0.40219.1
Project("{8BC9CEB8-8B4A-11D0-8D11-00A0C91BC942}") = "CBM-Command", "CBM-Command\CBM-Command.vcxproj", "{7F4E2F75-2BFC-4198-80B0-A76EA363E36A}"
EndProject
Project("{2150E333-8FDC-42A3-9474-1A3956D46DE8}") = "Solution Items", "Solution Items", "{3E6F6017-CE8E-4C2F-A087-1032C204D72E}"
EndProject
Project("{E24C65DC-7377-472B-9ABA-BC803B73C61A}") = "docs", "docs\", "{81F622C3-1F58-4DF7-9BD2-1A28823D888F}"
	ProjectSection(WebsiteProperties) = preProject
		TargetFrameworkMoniker = ".NETFramework,Version%3Dv4.0"
		Debug.AspNetCompiler.VirtualPath = "/localhost_55771"
		Debug.AspNetCompiler.PhysicalPath = "docs\"
		Debug.AspNetCompiler.TargetPath = "PrecompiledWeb\localhost_55771\"
		Debug.AspNetCompiler.Updateable = "true"
		Debug.AspNetCompiler.ForceOverwrite = "true"
		Debug.AspNetCompiler.FixedNames = "false"
		Debug.AspNetCompiler.Debug = "True"
		Release.AspNetCompiler.VirtualPath = "/localhost_55771"
		Release.AspNetCompiler.PhysicalPath = "docs\"
		Release.AspNetCompiler.TargetPath = "PrecompiledWeb\localhost_55771\"
		Release.AspNetCompiler.Updateable = "true"
		Release.AspNetCompiler.ForceOverwrite = "true"
		Release.AspNetCompiler.FixedNames = "false"
		Release.AspNetCompiler.Debug = "False"
		VWDPort = "55771"
		SlnRelativePath = "docs\"
	EndProjectSection
EndProject
Global
	GlobalSection(SolutionConfigurationPlatforms) = preSolution
		A2|Any CPU = A2|Any CPU
		A2|Win32 = A2|Win32
		A2|x64 = A2|x64
		C128_Config|Any CPU = C128_Config|Any CPU
		C128_Config|Win32 = C128_Config|Win32
		C128_Config|x64 = C128_Config|x64
		C128|Any CPU = C128|Any CPU
		C128|Win32 = C128|Win32
		C128|x64 = C128|x64
		C64_Config|Any CPU = C64_Config|Any CPU
		C64_Config|Win32 = C64_Config|Win32
		C64_Config|x64 = C64_Config|x64
		C64|Any CPU = C64|Any CPU
		C64|Win32 = C64|Win32
		C64|x64 = C64|x64
		Debug|Any CPU = Debug|Any CPU
		Debug|Win32 = Debug|Win32
		Debug|x64 = Debug|x64
		PET|Any CPU = PET|Any CPU
		PET|Win32 = PET|Win32
		PET|x64 = PET|x64
		PET40|Any CPU = PET40|Any CPU
		PET40|Win32 = PET40|Win32
		PET40|x64 = PET40|x64
		PLUS4 Config|Any CPU = PLUS4 Config|Any CPU
		PLUS4 Config|Win32 = PLUS4 Config|Win32
		PLUS4 Config|x64 = PLUS4 Config|x64
		PLUS4|Any CPU = PLUS4|Any CPU
		PLUS4|Win32 = PLUS4|Win32
		PLUS4|x64 = PLUS4|x64
		VIC20 Config|Any CPU = VIC20 Config|Any CPU
		VIC20 Config|Win32 = VIC20 Config|Win32
		VIC20 Config|x64 = VIC20 Config|x64
		VIC20|Any CPU = VIC20|Any CPU
		VIC20|Win32 = VIC20|Win32
		VIC20|x64 = VIC20|x64
	EndGlobalSection
	GlobalSection(ProjectConfigurationPlatforms) = postSolution
		{7F4E2F75-2BFC-4198-80B0-A76EA363E36A}.A2|Any CPU.ActiveCfg = A2|Win32
		{7F4E2F75-2BFC-4198-80B0-A76EA363E36A}.A2|Win32.ActiveCfg = A2|Win32
		{7F4E2F75-2BFC-4198-80B0-A76EA363E36A}.A2|Win32.Build.0 = A2|Win32
		{7F4E2F75-2BFC-4198-80B0-A76EA363E36A}.A2|x64.ActiveCfg = A2|Win32
		{7F4E2F75-2BFC-4198-80B0-A76EA363E36A}.C128_Config|Any CPU.ActiveCfg = C128_Config|Win32
		{7F4E2F75-2BFC-4198-80B0-A76EA363E36A}.C128_Config|Win32.ActiveCfg = C128_Config|Win32
		{7F4E2F75-2BFC-4198-80B0-A76EA363E36A}.C128_Config|Win32.Build.0 = C128_Config|Win32
		{7F4E2F75-2BFC-4198-80B0-A76EA363E36A}.C128_Config|x64.ActiveCfg = C128_Config|Win32
		{7F4E2F75-2BFC-4198-80B0-A76EA363E36A}.C128|Any CPU.ActiveCfg = C128|Win32
		{7F4E2F75-2BFC-4198-80B0-A76EA363E36A}.C128|Win32.ActiveCfg = C128|Win32
		{7F4E2F75-2BFC-4198-80B0-A76EA363E36A}.C128|Win32.Build.0 = C128|Win32
		{7F4E2F75-2BFC-4198-80B0-A76EA363E36A}.C128|x64.ActiveCfg = C128|Win32
		{7F4E2F75-2BFC-4198-80B0-A76EA363E36A}.C64_Config|Any CPU.ActiveCfg = C64_Config|Win32
		{7F4E2F75-2BFC-4198-80B0-A76EA363E36A}.C64_Config|Win32.ActiveCfg = C64_Config|Win32
		{7F4E2F75-2BFC-4198-80B0-A76EA363E36A}.C64_Config|Win32.Build.0 = C64_Config|Win32
		{7F4E2F75-2BFC-4198-80B0-A76EA363E36A}.C64_Config|x64.ActiveCfg = C64_Config|Win32
		{7F4E2F75-2BFC-4198-80B0-A76EA363E36A}.C64|Any CPU.ActiveCfg = C64|Win32
		{7F4E2F75-2BFC-4198-80B0-A76EA363E36A}.C64|Win32.ActiveCfg = C64|Win32
		{7F4E2F75-2BFC-4198-80B0-A76EA363E36A}.C64|Win32.Build.0 = C64|Win32
		{7F4E2F75-2BFC-4198-80B0-A76EA363E36A}.C64|x64.ActiveCfg = C128|Win32
		{7F4E2F75-2BFC-4198-80B0-A76EA363E36A}.Debug|Any CPU.ActiveCfg = VIC20|Win32
		{7F4E2F75-2BFC-4198-80B0-A76EA363E36A}.Debug|Any CPU.Build.0 = VIC20|Win32
		{7F4E2F75-2BFC-4198-80B0-A76EA363E36A}.Debug|Win32.ActiveCfg = VIC20|Win32
		{7F4E2F75-2BFC-4198-80B0-A76EA363E36A}.Debug|Win32.Build.0 = VIC20|Win32
		{7F4E2F75-2BFC-4198-80B0-A76EA363E36A}.Debug|x64.ActiveCfg = VIC20|Win32
		{7F4E2F75-2BFC-4198-80B0-A76EA363E36A}.Debug|x64.Build.0 = VIC20|Win32
		{7F4E2F75-2BFC-4198-80B0-A76EA363E36A}.PET|Any CPU.ActiveCfg = PET|Win32
		{7F4E2F75-2BFC-4198-80B0-A76EA363E36A}.PET|Win32.ActiveCfg = PET|Win32
		{7F4E2F75-2BFC-4198-80B0-A76EA363E36A}.PET|Win32.Build.0 = PET|Win32
		{7F4E2F75-2BFC-4198-80B0-A76EA363E36A}.PET|x64.ActiveCfg = PET|Win32
		{7F4E2F75-2BFC-4198-80B0-A76EA363E36A}.PET40|Any CPU.ActiveCfg = PET40|Win32
		{7F4E2F75-2BFC-4198-80B0-A76EA363E36A}.PET40|Win32.ActiveCfg = PET40|Win32
		{7F4E2F75-2BFC-4198-80B0-A76EA363E36A}.PET40|Win32.Build.0 = PET40|Win32
		{7F4E2F75-2BFC-4198-80B0-A76EA363E36A}.PET40|x64.ActiveCfg = PET40|Win32
		{7F4E2F75-2BFC-4198-80B0-A76EA363E36A}.PLUS4 Config|Any CPU.ActiveCfg = PLUS4 Config|Win32
		{7F4E2F75-2BFC-4198-80B0-A76EA363E36A}.PLUS4 Config|Win32.ActiveCfg = PLUS4 Config|Win32
		{7F4E2F75-2BFC-4198-80B0-A76EA363E36A}.PLUS4 Config|Win32.Build.0 = PLUS4 Config|Win32
		{7F4E2F75-2BFC-4198-80B0-A76EA363E36A}.PLUS4 Config|x64.ActiveCfg = PLUS4 Config|Win32
		{7F4E2F75-2BFC-4198-80B0-A76EA363E36A}.PLUS4|Any CPU.ActiveCfg = PLUS4|Win32
		{7F4E2F75-2BFC-4198-80B0-A76EA363E36A}.PLUS4|Win32.ActiveCfg = PLUS4|Win32
		{7F4E2F75-2BFC-4198-80B0-A76EA363E36A}.PLUS4|Win32.Build.0 = PLUS4|Win32
		{7F4E2F75-2BFC-4198-80B0-A76EA363E36A}.PLUS4|x64.ActiveCfg = PLUS4|Win32
		{7F4E2F75-2BFC-4198-80B0-A76EA363E36A}.VIC20 Config|Any CPU.ActiveCfg = VIC20 Config|Win32
		{7F4E2F75-2BFC-4198-80B0-A76EA363E36A}.VIC20 Config|Win32.ActiveCfg = VIC20 Config|Win32
		{7F4E2F75-2BFC-4198-80B0-A76EA363E36A}.VIC20 Config|Win32.Build.0 = VIC20 Config|Win32
		{7F4E2F75-2BFC-4198-80B0-A76EA363E36A}.VIC20 Config|x64.ActiveCfg = VIC20 Config|Win32
		{7F4E2F75-2BFC-4198-80B0-A76EA363E36A}.VIC20|Any CPU.ActiveCfg = VIC20|Win32
		{7F4E2F75-2BFC-4198-80B0-A76EA363E36A}.VIC20|Win32.ActiveCfg = VIC20|Win32
		{7F4E2F75-2BFC-4198-80B0-A76EA363E36A}.VIC20|Win32.Build.0 = VIC20|Win32
		{7F4E2F75-2BFC-4198-80B0-A76EA363E36A}.VIC20|x64.ActiveCfg = VIC20|Win32
		{81F622C3-1F58-4DF7-9BD2-1A28823D888F}.A2|Any CPU.ActiveCfg = Debug|Any CPU
		{81F622C3-1F58-4DF7-9BD2-1A28823D888F}.A2|Any CPU.Build.0 = Debug|Any CPU
		{81F622C3-1F58-4DF7-9BD2-1A28823D888F}.A2|Win32.ActiveCfg = Debug|Any CPU
		{81F622C3-1F58-4DF7-9BD2-1A28823D888F}.A2|Win32.Build.0 = Debug|Any CPU
		{81F622C3-1F58-4DF7-9BD2-1A28823D888F}.A2|x64.ActiveCfg = Debug|Any CPU
		{81F622C3-1F58-4DF7-9BD2-1A28823D888F}.A2|x64.Build.0 = Debug|Any CPU
		{81F622C3-1F58-4DF7-9BD2-1A28823D888F}.C128_Config|Any CPU.ActiveCfg = Debug|Any CPU
		{81F622C3-1F58-4DF7-9BD2-1A28823D888F}.C128_Config|Any CPU.Build.0 = Debug|Any CPU
		{81F622C3-1F58-4DF7-9BD2-1A28823D888F}.C128_Config|Win32.ActiveCfg = Debug|Any CPU
		{81F622C3-1F58-4DF7-9BD2-1A28823D888F}.C128_Config|Win32.Build.0 = Debug|Any CPU
		{81F622C3-1F58-4DF7-9BD2-1A28823D888F}.C128_Config|x64.ActiveCfg = Debug|Any CPU
		{81F622C3-1F58-4DF7-9BD2-1A28823D888F}.C128_Config|x64.Build.0 = Debug|Any CPU
		{81F622C3-1F58-4DF7-9BD2-1A28823D888F}.C128|Any CPU.ActiveCfg = Debug|Any CPU
		{81F622C3-1F58-4DF7-9BD2-1A28823D888F}.C128|Any CPU.Build.0 = Debug|Any CPU
		{81F622C3-1F58-4DF7-9BD2-1A28823D888F}.C128|Win32.ActiveCfg = Debug|Any CPU
		{81F622C3-1F58-4DF7-9BD2-1A28823D888F}.C128|Win32.Build.0 = Debug|Any CPU
		{81F622C3-1F58-4DF7-9BD2-1A28823D888F}.C128|x64.ActiveCfg = Debug|Any CPU
		{81F622C3-1F58-4DF7-9BD2-1A28823D888F}.C128|x64.Build.0 = Debug|Any CPU
		{81F622C3-1F58-4DF7-9BD2-1A28823D888F}.C64_Config|Any CPU.ActiveCfg = Debug|Any CPU
		{81F622C3-1F58-4DF7-9BD2-1A28823D888F}.C64_Config|Any CPU.Build.0 = Debug|Any CPU
		{81F622C3-1F58-4DF7-9BD2-1A28823D888F}.C64_Config|Win32.ActiveCfg = Debug|Any CPU
		{81F622C3-1F58-4DF7-9BD2-1A28823D888F}.C64_Config|Win32.Build.0 = Debug|Any CPU
		{81F622C3-1F58-4DF7-9BD2-1A28823D888F}.C64_Config|x64.ActiveCfg = Debug|Any CPU
		{81F622C3-1F58-4DF7-9BD2-1A28823D888F}.C64_Config|x64.Build.0 = Debug|Any CPU
		{81F622C3-1F58-4DF7-9BD2-1A28823D888F}.C64|Any CPU.ActiveCfg = Debug|Any CPU
		{81F622C3-1F58-4DF7-9BD2-1A28823D888F}.C64|Any CPU.Build.0 = Debug|Any CPU
		{81F622C3-1F58-4DF7-9BD2-1A28823D888F}.C64|Win32.ActiveCfg = Debug|Any CPU
		{81F622C3-1F58-4DF7-9BD2-1A28823D888F}.C64|Win32.Build.0 = Debug|Any CPU
		{81F622C3-1F58-4DF7-9BD2-1A28823D888F}.C64|x64.ActiveCfg = Debug|Any CPU
		{81F622C3-1F58-4DF7-9BD2-1A28823D888F}.C64|x64.Build.0 = Debug|Any CPU
		{81F622C3-1F58-4DF7-9BD2-1A28823D888F}.Debug|Any CPU.ActiveCfg = Debug|Any CPU
		{81F622C3-1F58-4DF7-9BD2-1A28823D888F}.Debug|Any CPU.Build.0 = Debug|Any CPU
		{81F622C3-1F58-4DF7-9BD2-1A28823D888F}.Debug|Win32.ActiveCfg = Debug|Any CPU
		{81F622C3-1F58-4DF7-9BD2-1A28823D888F}.Debug|Win32.Build.0 = Debug|Any CPU
		{81F622C3-1F58-4DF7-9BD2-1A28823D888F}.Debug|x64.ActiveCfg = Debug|Any CPU
		{81F622C3-1F58-4DF7-9BD2-1A28823D888F}.Debug|x64.Build.0 = Debug|Any CPU
		{81F622C3-1F58-4DF7-9BD2-1A28823D888F}.PET|Any CPU.ActiveCfg = Debug|Any CPU
		{81F622C3-1F58-4DF7-9BD2-1A28823D888F}.PET|Any CPU.Build.0 = Debug|Any CPU
		{81F622C3-1F58-4DF7-9BD2-1A28823D888F}.PET|Win32.ActiveCfg = Debug|Any CPU
		{81F622C3-1F58-4DF7-9BD2-1A28823D888F}.PET|Win32.Build.0 = Debug|Any CPU
		{81F622C3-1F58-4DF7-9BD2-1A28823D888F}.PET|x64.ActiveCfg = Debug|Any CPU
		{81F622C3-1F58-4DF7-9BD2-1A28823D888F}.PET|x64.Build.0 = Debug|Any CPU
		{81F622C3-1F58-4DF7-9BD2-1A28823D888F}.PET40|Any CPU.ActiveCfg = Debug|Any CPU
		{81F622C3-1F58-4DF7-9BD2-1A28823D888F}.PET40|Any CPU.Build.0 = Debug|Any CPU
		{81F622C3-1F58-4DF7-9BD2-1A28823D888F}.PET40|Win32.ActiveCfg = Debug|Any CPU
		{81F622C3-1F58-4DF7-9BD2-1A28823D888F}.PET40|Win32.Build.0 = Debug|Any CPU
		{81F622C3-1F58-4DF7-9BD2-1A28823D888F}.PET40|x64.ActiveCfg = Debug|Any CPU
		{81F622C3-1F58-4DF7-9BD2-1A28823D888F}.PET40|x64.Build.0 = Debug|Any CPU
		{81F622C3-1F58-4DF7-9BD2-1A28823D888F}.PLUS4 Config|Any CPU.ActiveCfg = Debug|Any CPU
		{81F622C3-1F58-4DF7-9BD2-1A28823D888F}.PLUS4 Config|Any CPU.Build.0 = Debug|Any CPU
		{81F622C3-1F58-4DF7-9BD2-1A28823D888F}.PLUS4 Config|Win32.ActiveCfg = Debug|Any CPU
		{81F622C3-1F58-4DF7-9BD2-1A28823D888F}.PLUS4 Config|Win32.Build.0 = Debug|Any CPU
		{81F622C3-1F58-4DF7-9BD2-1A28823D888F}.PLUS4 Config|x64.ActiveCfg = Debug|Any CPU
		{81F622C3-1F58-4DF7-9BD2-1A28823D888F}.PLUS4 Config|x64.Build.0 = Debug|Any CPU
		{81F622C3-1F58-4DF7-9BD2-1A28823D888F}.PLUS4|Any CPU.ActiveCfg = Debug|Any CPU
		{81F622C3-1F58-4DF7-9BD2-1A28823D888F}.PLUS4|Any CPU.Build.0 = Debug|Any CPU
		{81F622C3-1F58-4DF7-9BD2-1A28823D888F}.PLUS4|Win32.ActiveCfg = Debug|Any CPU
		{81F622C3-1F58-4DF7-9BD2-1A28823D888F}.PLUS4|Win32.Build.0 = Debug|Any CPU
		{81F622C3-1F58-4DF7-9BD2-1A28823D888F}.PLUS4|x64.ActiveCfg = Debug|Any CPU
		{81F622C3-1F58-4DF7-9BD2-1A28823D888F}.PLUS4|x64.Build.0 = Debug|Any CPU
		{81F622C3-1F58-4DF7-9BD2-1A28823D888F}.VIC20 Config|Any CPU.ActiveCfg = Debug|Any CPU
		{81F622C3-1F58-4DF7-9BD2-1A28823D888F}.VIC20 Config|Any CPU.Build.0 = Debug|Any CPU
		{81F622C3-1F58-4DF7-9BD2-1A28823D888F}.VIC20 Config|Win32.ActiveCfg = Debug|Any CPU
		{81F622C3-1F58-4DF7-9BD2-1A28823D888F}.VIC20 Config|Win32.Build.0 = Debug|Any CPU
		{81F622C3-1F58-4DF7-9BD2-1A28823D888F}.VIC20 Config|x64.ActiveCfg = Debug|Any CPU
		{81F622C3-1F58-4DF7-9BD2-1A28823D888F}.VIC20 Config|x64.Build.0 = Debug|Any CPU
		{81F622C3-1F58-4DF7-9BD2-1A28823D888F}.VIC20|Any CPU.ActiveCfg = Debug|Any CPU
		{81F622C3-1F58-4DF7-9BD2-1A28823D888F}.VIC20|Any CPU.Build.0 = Debug|Any CPU
		{81F622C3-1F58-4DF7-9BD2-1A28823D888F}.VIC20|Win32.ActiveCfg = Debug|Any CPU
		{81F622C3-1F58-4DF7-9BD2-1A28823D888F}.VIC20|Win32.Build.0 = Debug|Any CPU
		{81F622C3-1F58-4DF7-9BD2-1A28823D888F}.VIC20|x64.ActiveCfg = Debug|Any CPU
		{81F622C3-1F58-4DF7-9BD2-1A28823D888F}.VIC20|x64.Build.0 = Debug|Any CPU
	EndGlobalSection
	GlobalSection(SolutionProperties) = preSolution
		HideSolutionNode = FALSE
	EndGlobalSection
EndGlobal
