<?xml version="1.0" encoding="utf-8"?>
<Project ToolsVersion="4.0" xmlns="http://schemas.microsoft.com/developer/msbuild/2003">
  <ItemGroup>
    <Filter Include="Source Files">
      <UniqueIdentifier>{4FC737F1-C7A5-4376-A066-2A32D752A2FF}</UniqueIdentifier>
      <Extensions>cpp;c;cc;cxx;def;odl;idl;hpj;bat;asm;asmx;s</Extensions>
    </Filter>
    <Filter Include="Header Files">
      <UniqueIdentifier>{93995380-89BD-4b04-88EB-625FBE52EBFB}</UniqueIdentifier>
      <Extensions>h;hpp;hxx;hm;inl;inc;xsd</Extensions>
    </Filter>
    <Filter Include="Resource Files">
      <UniqueIdentifier>{67DA6AB6-F800-4c08-8B7A-83BB121AAD01}</UniqueIdentifier>
      <Extensions>rc;ico;cur;bmp;dlg;rc2;rct;bin;rgs;gif;jpg;jpeg;jpe;resx;tiff;tif;png;wav;mfcribbon-ms;d64;d80</Extensions>
    </Filter>
    <Filter Include="Source Files\C64">
      <UniqueIdentifier>{d4349f33-faea-486f-abf4-c1ed7e466465}</UniqueIdentifier>
    </Filter>
    <Filter Include="Source Files\C128">
      <UniqueIdentifier>{3da17094-6a74-4a77-9d9a-bcae22a13d34}</UniqueIdentifier>
    </Filter>
    <Filter Include="Source Files\VIC20">
      <UniqueIdentifier>{186b5253-991a-4fce-a2d7-8dcf7f34f613}</UniqueIdentifier>
    </Filter>
    <Filter Include="Source Files\PET">
      <UniqueIdentifier>{44b39402-9039-441f-ba59-ea5bbd9fd4ff}</UniqueIdentifier>
    </Filter>
    <Filter Include="Source Files\PLUS4">
      <UniqueIdentifier>{80573763-d241-45ab-82ac-5f2dcbcdc652}</UniqueIdentifier>
    </Filter>
    <Filter Include="Source Files\COMMON">
      <UniqueIdentifier>{6514e590-2832-4f48-bdea-8aff1d4c0124}</UniqueIdentifier>
    </Filter>
    <Filter Include="Source Files\LIBRARY">
      <UniqueIdentifier>{bab9b9d3-f512-4ff5-8602-5aec702facab}</UniqueIdentifier>
    </Filter>
    <Filter Include="Source Files\LIBRARY\C128">
      <UniqueIdentifier>{ac556202-9606-49ae-a002-263ba042e06f}</UniqueIdentifier>
    </Filter>
    <Filter Include="Source Files\LIBRARY\C64">
      <UniqueIdentifier>{37a6b234-2d3c-4102-b4c3-aa0d56184530}</UniqueIdentifier>
    </Filter>
    <Filter Include="Source Files\LIBRARY\CBM">
      <UniqueIdentifier>{d3ea8624-b1d8-4419-a7d6-7fb54edf86c4}</UniqueIdentifier>
    </Filter>
    <Filter Include="Source Files\LIBRARY\COMMON">
      <UniqueIdentifier>{9a45ba98-f183-4ce0-9ae5-940d1847e83d}</UniqueIdentifier>
    </Filter>
    <Filter Include="Source Files\LIBRARY\CONIO">
      <UniqueIdentifier>{905b1482-cde9-4dd3-bc20-21cb9b75809a}</UniqueIdentifier>
    </Filter>
    <Filter Include="Source Files\LIBRARY\PET">
      <UniqueIdentifier>{429c9d31-1988-429b-bf0c-49e6526f0ef8}</UniqueIdentifier>
    </Filter>
    <Filter Include="Source Files\LIBRARY\PLUS4">
      <UniqueIdentifier>{f82fdba6-3232-4eca-9ebc-35bbe10c8b62}</UniqueIdentifier>
    </Filter>
    <Filter Include="Source Files\LIBRARY\VIC20">
      <UniqueIdentifier>{4078bd27-d260-4551-85df-f21c78050efb}</UniqueIdentifier>
    </Filter>
  </ItemGroup>
  <ItemGroup>
    <None Include="res\c64\Text.s">
      <Filter>Source Files\C64</Filter>
    </None>
    <None Include="res\c128\Text.s">
      <Filter>Source Files\C128</Filter>
    </None>
    <None Include="res\c64\FileMenu.s">
      <Filter>Source Files\C64</Filter>
    </None>
    <None Include="res\c128\FileMenu.s">
      <Filter>Source Files\C128</Filter>
    </None>
    <None Include="res\c64\OptionsMenu.s">
      <Filter>Source Files\C64</Filter>
    </None>
    <None Include="res\c128\OptionsMenu.s">
      <Filter>Source Files\C128</Filter>
    </None>
    <None Include="res\pet\FileMenu.s">
      <Filter>Source Files\PET</Filter>
    </None>
    <None Include="res\vic20\FileMenu.s">
      <Filter>Source Files\VIC20</Filter>
    </None>
    <None Include="res\pet\OptionsMenu.s">
      <Filter>Source Files\PET</Filter>
    </None>
    <None Include="res\vic20\OptionsMenu.s">
      <Filter>Source Files\VIC20</Filter>
    </None>
    <None Include="res\vic20\Text.s">
      <Filter>Source Files\VIC20</Filter>
    </None>
    <None Include="res\pet\Text.s">
      <Filter>Source Files\PET</Filter>
    </None>
    <None Include="res\plus4\FileMenu.s">
      <Filter>Source Files\PLUS4</Filter>
    </None>
    <None Include="res\plus4\OptionsMenu.s">
      <Filter>Source Files\PLUS4</Filter>
    </None>
    <None Include="res\plus4\Text.s">
      <Filter>Source Files\PLUS4</Filter>
    </None>
    <None Include="res\common\CommandMenu.s">
      <Filter>Source Files\COMMON</Filter>
    </None>
    <None Include="res\common\Common.s">
      <Filter>Source Files\COMMON</Filter>
    </None>
    <None Include="res\common\DriveMenu.s">
      <Filter>Source Files\COMMON</Filter>
    </None>
    <None Include="buildall.bat">
      <Filter>Source Files</Filter>
    </None>
  </ItemGroup>
  <ItemGroup>
    <ClCompile Include="CBM-Command.c">
      <Filter>Source Files</Filter>
    </ClCompile>
    <ClCompile Include="menus.c">
      <Filter>Source Files</Filter>
    </ClCompile>
    <ClCompile Include="screen.c">
      <Filter>Source Files</Filter>
    </ClCompile>
    <ClCompile Include="globals.c">
      <Filter>Source Files</Filter>
    </ClCompile>
    <ClCompile Include="DriveMenu.c">
      <Filter>Source Files</Filter>
    </ClCompile>
    <ClCompile Include="FileMenu.c">
      <Filter>Source Files</Filter>
    </ClCompile>
    <ClCompile Include="input.c">
      <Filter>Source Files</Filter>
    </ClCompile>
    <ClCompile Include="OptionMenu.c">
      <Filter>Source Files</Filter>
    </ClCompile>
    <ClCompile Include="CommandMenu.c">
      <Filter>Source Files</Filter>
    </ClCompile>
    <ClCompile Include="drives.c">
      <Filter>Source Files</Filter>
    </ClCompile>
    <ClCompile Include="globalInput.c">
      <Filter>Source Files</Filter>
    </ClCompile>
    <ClCompile Include="ConfigurationManager.c">
      <Filter>Source Files</Filter>
    </ClCompile>
    <ClCompile Include="Configuration.c">
      <Filter>Source Files</Filter>
    </ClCompile>
    <ClCompile Include="Viewer.c">
      <Filter>Source Files</Filter>
    </ClCompile>
    <CustomBuild Include="makefile">
      <Filter>Source Files</Filter>
    </CustomBuild>
    <ClCompile Include="CBM-REL.c">
      <Filter>Source Files</Filter>
    </ClCompile>
    <ClCompile Include="builtStamp.c">
      <Filter>Source Files</Filter>
    </ClCompile>
    <ClCompile Include="res\common\driveRoutines.s">
      <Filter>Source Files\COMMON</Filter>
    </ClCompile>
    <ClCompile Include="res\c128\PlatformSpecific.s">
      <Filter>Source Files\C128</Filter>
    </ClCompile>
    <ClCompile Include="res\c64\PlatformSpecific.s">
      <Filter>Source Files\C64</Filter>
    </ClCompile>
    <ClCompile Include="res\pet\PlatformSpecific.s">
      <Filter>Source Files\PET</Filter>
    </ClCompile>
    <ClCompile Include="res\plus4\PlatformSpecific.s">
      <Filter>Source Files\PLUS4</Filter>
    </ClCompile>
    <ClCompile Include="res\vic20\PlatformSpecific.s">
      <Filter>Source Files\VIC20</Filter>
    </ClCompile>
    <ClCompile Include="cc65\c128\cputc.s">
      <Filter>Source Files\LIBRARY\C128</Filter>
    </ClCompile>
    <ClCompile Include="cc65\c128\systime.s">
      <Filter>Source Files\LIBRARY\C128</Filter>
    </ClCompile>
    <ClCompile Include="cc65\c64\cputc.s">
      <Filter>Source Files\LIBRARY\C64</Filter>
    </ClCompile>
    <ClCompile Include="cc65\c64\systime.s">
      <Filter>Source Files\LIBRARY\C64</Filter>
    </ClCompile>
    <ClCompile Include="cc65\cbm\cbm_dir.c">
      <Filter>Source Files\LIBRARY\CBM</Filter>
    </ClCompile>
    <ClCompile Include="cc65\cbm\cbm_open.s">
      <Filter>Source Files\LIBRARY\CBM</Filter>
    </ClCompile>
    <ClCompile Include="cc65\cbm\cclear.s">
      <Filter>Source Files\LIBRARY\CBM</Filter>
    </ClCompile>
    <ClCompile Include="cc65\cbm\chline.s">
      <Filter>Source Files\LIBRARY\CBM</Filter>
    </ClCompile>
    <ClCompile Include="cc65\cbm\cvline.s">
      <Filter>Source Files\LIBRARY\CBM</Filter>
    </ClCompile>
    <ClCompile Include="cc65\common\_printf.s">
      <Filter>Source Files\LIBRARY\COMMON</Filter>
    </ClCompile>
    <ClCompile Include="cc65\common\strcat.s">
      <Filter>Source Files\LIBRARY\COMMON</Filter>
    </ClCompile>
    <ClCompile Include="cc65\conio\callgoto.s">
      <Filter>Source Files\LIBRARY\CONIO</Filter>
    </ClCompile>
    <ClCompile Include="cc65\conio\cputs.s">
      <Filter>Source Files\LIBRARY\CONIO</Filter>
    </ClCompile>
    <ClCompile Include="cc65\pet\clrscr.s">
      <Filter>Source Files\LIBRARY\PET</Filter>
    </ClCompile>
    <ClCompile Include="cc65\pet\cputc.s">
      <Filter>Source Files\LIBRARY\PET</Filter>
    </ClCompile>
    <ClCompile Include="cc65\plus4\cputc.s">
      <Filter>Source Files\LIBRARY\PLUS4</Filter>
    </ClCompile>
    <ClCompile Include="cc65\vic20\cputc.s">
      <Filter>Source Files\LIBRARY\VIC20</Filter>
    </ClCompile>
  </ItemGroup>
  <ItemGroup>
    <ClInclude Include="constants.h">
      <Filter>Header Files</Filter>
    </ClInclude>
    <ClInclude Include="menus.h">
      <Filter>Header Files</Filter>
    </ClInclude>
    <ClInclude Include="globals.h">
      <Filter>Header Files</Filter>
    </ClInclude>
    <ClInclude Include="screen.h">
      <Filter>Header Files</Filter>
    </ClInclude>
    <ClInclude Include="input.h">
      <Filter>Header Files</Filter>
    </ClInclude>
    <ClInclude Include="PlatformSpecific.h">
      <Filter>Header Files</Filter>
    </ClInclude>
    <ClInclude Include="drives.h">
      <Filter>Header Files</Filter>
    </ClInclude>
    <ClInclude Include="ConfigurationManager.h">
      <Filter>Header Files</Filter>
    </ClInclude>
    <ClInclude Include="Configuration.h">
      <Filter>Header Files</Filter>
    </ClInclude>
    <ClInclude Include="globalInput.h">
      <Filter>Header Files</Filter>
    </ClInclude>
    <ClInclude Include="Configuration-CBM.h">
      <Filter>Header Files</Filter>
    </ClInclude>
    <ClInclude Include="Viewer.h">
      <Filter>Header Files</Filter>
    </ClInclude>
    <ClInclude Include="res\macroes.inc">
      <Filter>Header Files</Filter>
    </ClInclude>
    <ClInclude Include="CBM-REL.h">
      <Filter>Header Files</Filter>
    </ClInclude>
  </ItemGroup>
  <ItemGroup>
    <Resource Include="cbmcommand_master.d64">
      <Filter>Resource Files</Filter>
    </Resource>
    <Resource Include="cbmcommand_master.d80">
      <Filter>Resource Files</Filter>
    </Resource>
  </ItemGroup>
</Project>