<?xml version="1.0" encoding="utf-8"?>
<Project ToolsVersion="4.0" xmlns="http://schemas.microsoft.com/developer/msbuild/2003">
  <ItemGroup>
    <Filter Include="Source Files">
      <UniqueIdentifier>{4FC737F1-C7A5-4376-A066-2A32D752A2FF}</UniqueIdentifier>
      <Extensions>cpp;c;cc;cxx;def;odl;idl;hpj;bat;asm;asmx</Extensions>
    </Filter>
    <Filter Include="Header Files">
      <UniqueIdentifier>{93995380-89BD-4b04-88EB-625FBE52EBFB}</UniqueIdentifier>
      <Extensions>h;hpp;hxx;hm;inl;inc;xsd</Extensions>
    </Filter>
    <Filter Include="Resource Files">
      <UniqueIdentifier>{67DA6AB6-F800-4c08-8B7A-83BB121AAD01}</UniqueIdentifier>
      <Extensions>rc;ico;cur;bmp;dlg;rc2;rct;bin;rgs;gif;jpg;jpeg;jpe;resx;tiff;tif;png;wav;mfcribbon-ms</Extensions>
    </Filter>
    <Filter Include="Resource Files\C64">
      <UniqueIdentifier>{d4349f33-faea-486f-abf4-c1ed7e466465}</UniqueIdentifier>
    </Filter>
    <Filter Include="Resource Files\C128">
      <UniqueIdentifier>{3da17094-6a74-4a77-9d9a-bcae22a13d34}</UniqueIdentifier>
    </Filter>
  </ItemGroup>
  <ItemGroup>
    <None Include="res\c64\Text.s">
      <Filter>Resource Files\C64</Filter>
    </None>
    <None Include="res\common\Common.s">
      <Filter>Resource Files</Filter>
    </None>
    <None Include="res\c128\Text.s">
      <Filter>Resource Files\C128</Filter>
    </None>
    <None Include="res\common\DriveMenu.s">
      <Filter>Resource Files</Filter>
    </None>
    <None Include="res\c128\PlatformSpecific.s">
      <Filter>Resource Files\C128</Filter>
    </None>
    <None Include="res\c64\FileMenu.s">
      <Filter>Resource Files\C64</Filter>
    </None>
    <None Include="res\c128\FileMenu.s">
      <Filter>Resource Files\C128</Filter>
    </None>
    <None Include="res\c64\OptionsMenu.s">
      <Filter>Resource Files\C64</Filter>
    </None>
    <None Include="res\c128\OptionsMenu.s">
      <Filter>Resource Files\C128</Filter>
    </None>
    <None Include="res\c64\PlatformSpecific.s">
      <Filter>Resource Files\C64</Filter>
    </None>
    <None Include="res\common\CommandMenu.s">
      <Filter>Resource Files</Filter>
    </None>
    <None Include="res\common\driveRoutines.s">
      <Filter>Resource Files</Filter>
    </None>
    <None Include="loadcbmcmd" />
    <None Include="cbmcmd.help" />
    <None Include="cbmcommand.d64" />
  </ItemGroup>
  <ItemGroup>
    <ClCompile Include="AssemblerMethods.c">
      <Filter>Source Files</Filter>
    </ClCompile>
    <ClCompile Include="CBM-Command.c">
      <Filter>Source Files</Filter>
    </ClCompile>
    <ClCompile Include="menus.c">
      <Filter>Source Files</Filter>
    </ClCompile>
    <ClCompile Include="screen.c">
      <Filter>Source Files</Filter>
    </ClCompile>
    <ClCompile Include="globals.c">
      <Filter>Source Files</Filter>
    </ClCompile>
    <ClCompile Include="DriveMenu.c">
      <Filter>Source Files</Filter>
    </ClCompile>
    <ClCompile Include="FileMenu.c">
      <Filter>Source Files</Filter>
    </ClCompile>
    <ClCompile Include="input.c">
      <Filter>Source Files</Filter>
    </ClCompile>
    <ClCompile Include="OptionMenu.c">
      <Filter>Source Files</Filter>
    </ClCompile>
    <ClCompile Include="CommandMenu.c">
      <Filter>Source Files</Filter>
    </ClCompile>
    <ClCompile Include="drives.c">
      <Filter>Source Files</Filter>
    </ClCompile>
    <ClCompile Include="globalInput.c">
      <Filter>Source Files</Filter>
    </ClCompile>
    <ClCompile Include="ConfigurationManager.c">
      <Filter>Source Files</Filter>
    </ClCompile>
    <ClCompile Include="Configuration.c">
      <Filter>Source Files</Filter>
    </ClCompile>
    <ClCompile Include="Viewer.c">
      <Filter>Source Files</Filter>
    </ClCompile>
    <ClCompile Include="makefile" />
  </ItemGroup>
  <ItemGroup>
    <ClInclude Include="constants.h">
      <Filter>Header Files</Filter>
    </ClInclude>
    <ClInclude Include="AssemblerMethods.h">
      <Filter>Header Files</Filter>
    </ClInclude>
    <ClInclude Include="menus.h">
      <Filter>Header Files</Filter>
    </ClInclude>
    <ClInclude Include="globals.h">
      <Filter>Header Files</Filter>
    </ClInclude>
    <ClInclude Include="screen.h">
      <Filter>Header Files</Filter>
    </ClInclude>
    <ClInclude Include="input.h">
      <Filter>Header Files</Filter>
    </ClInclude>
    <ClInclude Include="PlatformSpecific.h">
      <Filter>Header Files</Filter>
    </ClInclude>
    <ClInclude Include="drives.h">
      <Filter>Header Files</Filter>
    </ClInclude>
    <ClInclude Include="ConfigurationManager.h">
      <Filter>Header Files</Filter>
    </ClInclude>
    <ClInclude Include="Configuration.h">
      <Filter>Header Files</Filter>
    </ClInclude>
    <ClInclude Include="globalInput.h">
      <Filter>Header Files</Filter>
    </ClInclude>
    <ClInclude Include="Configuration-CBM.h">
      <Filter>Header Files</Filter>
    </ClInclude>
    <ClInclude Include="Configuration-Apple2Enh.h">
      <Filter>Header Files</Filter>
    </ClInclude>
    <ClInclude Include="Viewer.h">
      <Filter>Header Files</Filter>
    </ClInclude>
  </ItemGroup>
</Project>